// !$*UTF8*$!
{
	archiveVersion = 1;
	classes = {
	};
	objectVersion = 77;
	objects = {

/* Begin PBXContainerItemProxy section */
		09B1DB4C2E3D87FD005DEB6C /* PBXContainerItemProxy */ = {
			isa = PBXContainerItemProxy;
			containerPortal = 09B1DB322E3D87FB005DEB6C /* Project object */;
			proxyType = 1;
			remoteGlobalIDString = 09B1DB392E3D87FB005DEB6C;
			remoteInfo = Sum;
		};
		09B1DB562E3D87FD005DEB6C /* PBXContainerItemProxy */ = {
			isa = PBXContainerItemProxy;
			containerPortal = 09B1DB322E3D87FB005DEB6C /* Project object */;
			proxyType = 1;
			remoteGlobalIDString = 09B1DB392E3D87FB005DEB6C;
			remoteInfo = Sum;
		};
/* End PBXContainerItemProxy section */

/* Begin PBXFileReference section */
		09B1DB3A2E3D87FB005DEB6C /* Sum.app */ = {isa = PBXFileReference; explicitFileType = wrapper.application; includeInIndex = 0; path = Sum.app; sourceTree = BUILT_PRODUCTS_DIR; };
		09B1DB4B2E3D87FD005DEB6C /* SumTests.xctest */ = {isa = PBXFileReference; explicitFileType = wrapper.cfbundle; includeInIndex = 0; path = SumTests.xctest; sourceTree = BUILT_PRODUCTS_DIR; };
		09B1DB552E3D87FD005DEB6C /* SumUITests.xctest */ = {isa = PBXFileReference; explicitFileType = wrapper.cfbundle; includeInIndex = 0; path = SumUITests.xctest; sourceTree = BUILT_PRODUCTS_DIR; };
/* End PBXFileReference section */

/* Begin PBXFileSystemSynchronizedBuildFileExceptionSet section */
		09B1DB5D2E3D87FD005DEB6C /* Exceptions for "Sum" folder in "Sum" target */ = {
			isa = PBXFileSystemSynchronizedBuildFileExceptionSet;
			membershipExceptions = (
				Info.plist,
			);
			target = 09B1DB392E3D87FB005DEB6C /* Sum */;
		};
/* End PBXFileSystemSynchronizedBuildFileExceptionSet section */

/* Begin PBXFileSystemSynchronizedRootGroup section */
		09B1DB3C2E3D87FB005DEB6C /* Sum */ = {
			isa = PBXFileSystemSynchronizedRootGroup;
			exceptions = (
				09B1DB5D2E3D87FD005DEB6C /* Exceptions for "Sum" folder in "Sum" target */,
			);
			path = Sum;
			sourceTree = "<group>";
		};
		09B1DB4E2E3D87FD005DEB6C /* SumTests */ = {
			isa = PBXFileSystemSynchronizedRootGroup;
			path = SumTests;
			sourceTree = "<group>";
		};
		09B1DB582E3D87FD005DEB6C /* SumUITests */ = {
			isa = PBXFileSystemSynchronizedRootGroup;
			path = SumUITests;
			sourceTree = "<group>";
		};
/* End PBXFileSystemSynchronizedRootGroup section */

/* Begin PBXFrameworksBuildPhase section */
		09B1DB372E3D87FB005DEB6C /* Frameworks */ = {
			isa = PBXFrameworksBuildPhase;
			buildActionMask = 2147483647;
			files = (
			);
			runOnlyForDeploymentPostprocessing = 0;
		};
		09B1DB482E3D87FD005DEB6C /* Frameworks */ = {
			isa = PBXFrameworksBuildPhase;
			buildActionMask = 2147483647;
			files = (
			);
			runOnlyForDeploymentPostprocessing = 0;
		};
		09B1DB522E3D87FD005DEB6C /* Frameworks */ = {
			isa = PBXFrameworksBuildPhase;
			buildActionMask = 2147483647;
			files = (
			);
			runOnlyForDeploymentPostprocessing = 0;
		};
/* End PBXFrameworksBuildPhase section */

/* Begin PBXGroup section */
		09B1DB312E3D87FB005DEB6C = {
			isa = PBXGroup;
			children = (
				09B1DB3C2E3D87FB005DEB6C /* Sum */,
				09B1DB4E2E3D87FD005DEB6C /* SumTests */,
				09B1DB582E3D87FD005DEB6C /* SumUITests */,
				09B1DB3B2E3D87FB005DEB6C /* Products */,
			);
			sourceTree = "<group>";
		};
		09B1DB3B2E3D87FB005DEB6C /* Products */ = {
			isa = PBXGroup;
			children = (
				09B1DB3A2E3D87FB005DEB6C /* Sum.app */,
				09B1DB4B2E3D87FD005DEB6C /* SumTests.xctest */,
				09B1DB552E3D87FD005DEB6C /* SumUITests.xctest */,
			);
			name = Products;
			sourceTree = "<group>";
		};
/* End PBXGroup section */

/* Begin PBXNativeTarget section */
		09B1DB392E3D87FB005DEB6C /* Sum */ = {
			isa = PBXNativeTarget;
			buildConfigurationList = 09B1DB5E2E3D87FD005DEB6C /* Build configuration list for PBXNativeTarget "Sum" */;
			buildPhases = (
				09B1DB362E3D87FB005DEB6C /* Sources */,
				09B1DB372E3D87FB005DEB6C /* Frameworks */,
				09B1DB382E3D87FB005DEB6C /* Resources */,
			);
			buildRules = (
			);
			dependencies = (
			);
			fileSystemSynchronizedGroups = (
				09B1DB3C2E3D87FB005DEB6C /* Sum */,
			);
			name = Sum;
			packageProductDependencies = (
			);
			productName = Sum;
			productReference = 09B1DB3A2E3D87FB005DEB6C /* Sum.app */;
			productType = "com.apple.product-type.application";
		};
		09B1DB4A2E3D87FD005DEB6C /* SumTests */ = {
			isa = PBXNativeTarget;
			buildConfigurationList = 09B1DB632E3D87FD005DEB6C /* Build configuration list for PBXNativeTarget "SumTests" */;
			buildPhases = (
				09B1DB472E3D87FD005DEB6C /* Sources */,
				09B1DB482E3D87FD005DEB6C /* Frameworks */,
				09B1DB492E3D87FD005DEB6C /* Resources */,
			);
			buildRules = (
			);
			dependencies = (
				09B1DB4D2E3D87FD005DEB6C /* PBXTargetDependency */,
			);
			fileSystemSynchronizedGroups = (
				09B1DB4E2E3D87FD005DEB6C /* SumTests */,
			);
			name = SumTests;
			packageProductDependencies = (
			);
			productName = SumTests;
			productReference = 09B1DB4B2E3D87FD005DEB6C /* SumTests.xctest */;
			productType = "com.apple.product-type.bundle.unit-test";
		};
		09B1DB542E3D87FD005DEB6C /* SumUITests */ = {
			isa = PBXNativeTarget;
			buildConfigurationList = 09B1DB662E3D87FD005DEB6C /* Build configuration list for PBXNativeTarget "SumUITests" */;
			buildPhases = (
				09B1DB512E3D87FD005DEB6C /* Sources */,
				09B1DB522E3D87FD005DEB6C /* Frameworks */,
				09B1DB532E3D87FD005DEB6C /* Resources */,
			);
			buildRules = (
			);
			dependencies = (
				09B1DB572E3D87FD005DEB6C /* PBXTargetDependency */,
			);
			fileSystemSynchronizedGroups = (
				09B1DB582E3D87FD005DEB6C /* SumUITests */,
			);
			name = SumUITests;
			packageProductDependencies = (
			);
			productName = SumUITests;
			productReference = 09B1DB552E3D87FD005DEB6C /* SumUITests.xctest */;
			productType = "com.apple.product-type.bundle.ui-testing";
		};
/* End PBXNativeTarget section */

/* Begin PBXProject section */
		09B1DB322E3D87FB005DEB6C /* Project object */ = {
			isa = PBXProject;
			attributes = {
				BuildIndependentTargetsInParallel = 1;
				LastSwiftUpdateCheck = 1640;
				LastUpgradeCheck = 1640;
				TargetAttributes = {
					09B1DB392E3D87FB005DEB6C = {
						CreatedOnToolsVersion = 16.4;
					};
					09B1DB4A2E3D87FD005DEB6C = {
						CreatedOnToolsVersion = 16.4;
						TestTargetID = 09B1DB392E3D87FB005DEB6C;
					};
					09B1DB542E3D87FD005DEB6C = {
						CreatedOnToolsVersion = 16.4;
						TestTargetID = 09B1DB392E3D87FB005DEB6C;
					};
				};
			};
			buildConfigurationList = 09B1DB352E3D87FB005DEB6C /* Build configuration list for PBXProject "Sum" */;
			developmentRegion = en;
			hasScannedForEncodings = 0;
			knownRegions = (
				en,
				Base,
			);
			mainGroup = 09B1DB312E3D87FB005DEB6C;
			minimizedProjectReferenceProxies = 1;
			preferredProjectObjectVersion = 77;
			productRefGroup = 09B1DB3B2E3D87FB005DEB6C /* Products */;
			projectDirPath = "";
			projectRoot = "";
			targets = (
				09B1DB392E3D87FB005DEB6C /* Sum */,
				09B1DB4A2E3D87FD005DEB6C /* SumTests */,
				09B1DB542E3D87FD005DEB6C /* SumUITests */,
			);
		};
/* End PBXProject section */

/* Begin PBXResourcesBuildPhase section */
		09B1DB382E3D87FB005DEB6C /* Resources */ = {
			isa = PBXResourcesBuildPhase;
			buildActionMask = 2147483647;
			files = (
			);
			runOnlyForDeploymentPostprocessing = 0;
		};
		09B1DB492E3D87FD005DEB6C /* Resources */ = {
			isa = PBXResourcesBuildPhase;
			buildActionMask = 2147483647;
			files = (
			);
			runOnlyForDeploymentPostprocessing = 0;
		};
		09B1DB532E3D87FD005DEB6C /* Resources */ = {
			isa = PBXResourcesBuildPhase;
			buildActionMask = 2147483647;
			files = (
			);
			runOnlyForDeploymentPostprocessing = 0;
		};
/* End PBXResourcesBuildPhase section */

/* Begin PBXSourcesBuildPhase section */
		09B1DB362E3D87FB005DEB6C /* Sources */ = {
			isa = PBXSourcesBuildPhase;
			buildActionMask = 2147483647;
			files = (
			);
			runOnlyForDeploymentPostprocessing = 0;
		};
		09B1DB472E3D87FD005DEB6C /* Sources */ = {
			isa = PBXSourcesBuildPhase;
			buildActionMask = 2147483647;
			files = (
			);
			runOnlyForDeploymentPostprocessing = 0;
		};
		09B1DB512E3D87FD005DEB6C /* Sources */ = {
			isa = PBXSourcesBuildPhase;
			buildActionMask = 2147483647;
			files = (
			);
			runOnlyForDeploymentPostprocessing = 0;
		};
/* End PBXSourcesBuildPhase section */

/* Begin PBXTargetDependency section */
		09B1DB4D2E3D87FD005DEB6C /* PBXTargetDependency */ = {
			isa = PBXTargetDependency;
			target = 09B1DB392E3D87FB005DEB6C /* Sum */;
			targetProxy = 09B1DB4C2E3D87FD005DEB6C /* PBXContainerItemProxy */;
		};
		09B1DB572E3D87FD005DEB6C /* PBXTargetDependency */ = {
			isa = PBXTargetDependency;
			target = 09B1DB392E3D87FB005DEB6C /* Sum */;
			targetProxy = 09B1DB562E3D87FD005DEB6C /* PBXContainerItemProxy */;
		};
/* End PBXTargetDependency section */

/* Begin XCBuildConfiguration section */
		09B1DB5F2E3D87FD005DEB6C /* Debug */ = {
			isa = XCBuildConfiguration;
			buildSettings = {
				ASSETCATALOG_COMPILER_APPICON_NAME = AppIcon;
				ASSETCATALOG_COMPILER_GLOBAL_ACCENT_COLOR_NAME = AccentColor;
				CODE_SIGN_ENTITLEMENTS = Sum/Sum.entitlements;
				CODE_SIGN_STYLE = Automatic;
				CURRENT_PROJECT_VERSION = 1;
				DEVELOPMENT_TEAM = 3645L83AKB;
				ENABLE_PREVIEWS = YES;
				GENERATE_INFOPLIST_FILE = YES;
				INFOPLIST_FILE = Sum/Info.plist;
				INFOPLIST_KEY_UIApplicationSceneManifest_Generation = YES;
				INFOPLIST_KEY_UIApplicationSupportsIndirectInputEvents = YES;
				INFOPLIST_KEY_UILaunchScreen_Generation = YES;
				INFOPLIST_KEY_UISupportedInterfaceOrientations_iPad = "UIInterfaceOrientationPortrait UIInterfaceOrientationPortraitUpsideDown UIInterfaceOrientationLandscapeLeft UIInterfaceOrientationLandscapeRight";
				INFOPLIST_KEY_UISupportedInterfaceOrientations_iPhone = "UIInterfaceOrientationPortrait UIInterfaceOrientationLandscapeLeft UIInterfaceOrientationLandscapeRight";
				LD_RUNPATH_SEARCH_PATHS = (
					"$(inherited)",
					"@executable_path/Frameworks",
				);
				MARKETING_VERSION = 1.0;
				PRODUCT_BUNDLE_IDENTIFIER = cloud.notrai.Sum;
				PRODUCT_NAME = "$(TARGET_NAME)";
				SWIFT_EMIT_LOC_STRINGS = YES;
				SWIFT_VERSION = 5.0;
				TARGETED_DEVICE_FAMILY = "1,2";
			};
			name = Debug;
		};
		09B1DB602E3D87FD005DEB6C /* Release */ = {
			isa = XCBuildConfiguration;
			buildSettings = {
				ASSETCATALOG_COMPILER_APPICON_NAME = AppIcon;
				ASSETCATALOG_COMPILER_GLOBAL_ACCENT_COLOR_NAME = AccentColor;
				CODE_SIGN_ENTITLEMENTS = Sum/Sum.entitlements;
				CODE_SIGN_STYLE = Automatic;
				CURRENT_PROJECT_VERSION = 1;
				DEVELOPMENT_TEAM = 3645L83AKB;
				ENABLE_PREVIEWS = YES;
				GENERATE_INFOPLIST_FILE = YES;
				INFOPLIST_FILE = Sum/Info.plist;
				INFOPLIST_KEY_UIApplicationSceneManifest_Generation = YES;
				INFOPLIST_KEY_UIApplicationSupportsIndirectInputEvents = YES;
				INFOPLIST_KEY_UILaunchScreen_Generation = YES;
				INFOPLIST_KEY_UISupportedInterfaceOrientations_iPad = "UIInterfaceOrientationPortrait UIInterfaceOrientationPortraitUpsideDown UIInterfaceOrientationLandscapeLeft UIInterfaceOrientationLandscapeRight";
				INFOPLIST_KEY_UISupportedInterfaceOrientations_iPhone = "UIInterfaceOrientationPortrait UIInterfaceOrientationLandscapeLeft UIInterfaceOrientationLandscapeRight";
				LD_RUNPATH_SEARCH_PATHS = (
					"$(inherited)",
					"@executable_path/Frameworks",
				);
				MARKETING_VERSION = 1.0;
				PRODUCT_BUNDLE_IDENTIFIER = cloud.notrai.Sum;
				PRODUCT_NAME = "$(TARGET_NAME)";
				SWIFT_EMIT_LOC_STRINGS = YES;
				SWIFT_VERSION = 5.0;
				TARGETED_DEVICE_FAMILY = "1,2";
			};
			name = Release;
		};
		09B1DB612E3D87FD005DEB6C /* Debug */ = {
			isa = XCBuildConfiguration;
			buildSettings = {
				ALWAYS_SEARCH_USER_PATHS = NO;
				ASSETCATALOG_COMPILER_GENERATE_SWIFT_ASSET_SYMBOL_EXTENSIONS = YES;
				CLANG_ANALYZER_NONNULL = YES;
				CLANG_ANALYZER_NUMBER_OBJECT_CONVERSION = YES_AGGRESSIVE;
				CLANG_CXX_LANGUAGE_STANDARD = "gnu++20";
				CLANG_ENABLE_MODULES = YES;
				CLANG_ENABLE_OBJC_ARC = YES;
				CLANG_ENABLE_OBJC_WEAK = YES;
				CLANG_WARN_BLOCK_CAPTURE_AUTORELEASING = YES;
				CLANG_WARN_BOOL_CONVERSION = YES;
				CLANG_WARN_COMMA = YES;
				CLANG_WARN_CONSTANT_CONVERSION = YES;
				CLANG_WARN_DEPRECATED_OBJC_IMPLEMENTATIONS = YES;
				CLANG_WARN_DIRECT_OBJC_ISA_USAGE = YES_ERROR;
				CLANG_WARN_DOCUMENTATION_COMMENTS = YES;
				CLANG_WARN_EMPTY_BODY = YES;
				CLANG_WARN_ENUM_CONVERSION = YES;
				CLANG_WARN_INFINITE_RECURSION = YES;
				CLANG_WARN_INT_CONVERSION = YES;
				CLANG_WARN_NON_LITERAL_NULL_CONVERSION = YES;
				CLANG_WARN_OBJC_IMPLICIT_RETAIN_SELF = YES;
				CLANG_WARN_OBJC_LITERAL_CONVERSION = YES;
				CLANG_WARN_OBJC_ROOT_CLASS = YES_ERROR;
				CLANG_WARN_QUOTED_INCLUDE_IN_FRAMEWORK_HEADER = YES;
				CLANG_WARN_RANGE_LOOP_ANALYSIS = YES;
				CLANG_WARN_STRICT_PROTOTYPES = YES;
				CLANG_WARN_SUSPICIOUS_MOVE = YES;
				CLANG_WARN_UNGUARDED_AVAILABILITY = YES_AGGRESSIVE;
				CLANG_WARN_UNREACHABLE_CODE = YES;
				CLANG_WARN__DUPLICATE_METHOD_MATCH = YES;
				COPY_PHASE_STRIP = NO;
				DEBUG_INFORMATION_FORMAT = dwarf;
				DEVELOPMENT_TEAM = 3645L83AKB;
				ENABLE_STRICT_OBJC_MSGSEND = YES;
				ENABLE_TESTABILITY = YES;
				ENABLE_USER_SCRIPT_SANDBOXING = YES;
				GCC_C_LANGUAGE_STANDARD = gnu17;
				GCC_DYNAMIC_NO_PIC = NO;
				GCC_NO_COMMON_BLOCKS = YES;
				GCC_OPTIMIZATION_LEVEL = 0;
				GCC_PREPROCESSOR_DEFINITIONS = (
					"DEBUG=1",
					"$(inherited)",
				);
				GCC_WARN_64_TO_32_BIT_CONVERSION = YES;
				GCC_WARN_ABOUT_RETURN_TYPE = YES_ERROR;
				GCC_WARN_UNDECLARED_SELECTOR = YES;
				GCC_WARN_UNINITIALIZED_AUTOS = YES_AGGRESSIVE;
				GCC_WARN_UNUSED_FUNCTION = YES;
				GCC_WARN_UNUSED_VARIABLE = YES;
				IPHONEOS_DEPLOYMENT_TARGET = 18.5;
				LOCALIZATION_PREFERS_STRING_CATALOGS = YES;
				MTL_ENABLE_DEBUG_INFO = INCLUDE_SOURCE;
				MTL_FAST_MATH = YES;
				ONLY_ACTIVE_ARCH = YES;
				SDKROOT = iphoneos;
				SWIFT_ACTIVE_COMPILATION_CONDITIONS = "DEBUG $(inherited)";
				SWIFT_OPTIMIZATION_LEVEL = "-Onone";
			};
			name = Debug;
		};
		09B1DB622E3D87FD005DEB6C /* Release */ = {
			isa = XCBuildConfiguration;
			buildSettings = {
				ALWAYS_SEARCH_USER_PATHS = NO;
				ASSETCATALOG_COMPILER_GENERATE_SWIFT_ASSET_SYMBOL_EXTENSIONS = YES;
				CLANG_ANALYZER_NONNULL = YES;
				CLANG_ANALYZER_NUMBER_OBJECT_CONVERSION = YES_AGGRESSIVE;
				CLANG_CXX_LANGUAGE_STANDARD = "gnu++20";
				CLANG_ENABLE_MODULES = YES;
				CLANG_ENABLE_OBJC_ARC = YES;
				CLANG_ENABLE_OBJC_WEAK = YES;
				CLANG_WARN_BLOCK_CAPTURE_AUTORELEASING = YES;
				CLANG_WARN_BOOL_CONVERSION = YES;
				CLANG_WARN_COMMA = YES;
				CLANG_WARN_CONSTANT_CONVERSION = YES;
				CLANG_WARN_DEPRECATED_OBJC_IMPLEMENTATIONS = YES;
				CLANG_WARN_DIRECT_OBJC_ISA_USAGE = YES_ERROR;
				CLANG_WARN_DOCUMENTATION_COMMENTS = YES;
				CLANG_WARN_EMPTY_BODY = YES;
				CLANG_WARN_ENUM_CONVERSION = YES;
				CLANG_WARN_INFINITE_RECURSION = YES;
				CLANG_WARN_INT_CONVERSION = YES;
				CLANG_WARN_NON_LITERAL_NULL_CONVERSION = YES;
				CLANG_WARN_OBJC_IMPLICIT_RETAIN_SELF = YES;
				CLANG_WARN_OBJC_LITERAL_CONVERSION = YES;
				CLANG_WARN_OBJC_ROOT_CLASS = YES_ERROR;
				CLANG_WARN_QUOTED_INCLUDE_IN_FRAMEWORK_HEADER = YES;
				CLANG_WARN_RANGE_LOOP_ANALYSIS = YES;
				CLANG_WARN_STRICT_PROTOTYPES = YES;
				CLANG_WARN_SUSPICIOUS_MOVE = YES;
				CLANG_WARN_UNGUARDED_AVAILABILITY = YES_AGGRESSIVE;
				CLANG_WARN_UNREACHABLE_CODE = YES;
				CLANG_WARN__DUPLICATE_METHOD_MATCH = YES;
				COPY_PHASE_STRIP = NO;
				DEBUG_INFORMATION_FORMAT = "dwarf-with-dsym";
				DEVELOPMENT_TEAM = 3645L83AKB;
				ENABLE_NS_ASSERTIONS = NO;
				ENABLE_STRICT_OBJC_MSGSEND = YES;
				ENABLE_USER_SCRIPT_SANDBOXING = YES;
				GCC_C_LANGUAGE_STANDARD = gnu17;
				GCC_NO_COMMON_BLOCKS = YES;
				GCC_WARN_64_TO_32_BIT_CONVERSION = YES;
				GCC_WARN_ABOUT_RETURN_TYPE = YES_ERROR;
				GCC_WARN_UNDECLARED_SELECTOR = YES;
				GCC_WARN_UNINITIALIZED_AUTOS = YES_AGGRESSIVE;
				GCC_WARN_UNUSED_FUNCTION = YES;
				GCC_WARN_UNUSED_VARIABLE = YES;
				IPHONEOS_DEPLOYMENT_TARGET = 18.5;
				LOCALIZATION_PREFERS_STRING_CATALOGS = YES;
				MTL_ENABLE_DEBUG_INFO = NO;
				MTL_FAST_MATH = YES;
				SDKROOT = iphoneos;
				SWIFT_COMPILATION_MODE = wholemodule;
				VALIDATE_PRODUCT = YES;
			};
			name = Release;
		};
		09B1DB642E3D87FD005DEB6C /* Debug */ = {
			isa = XCBuildConfiguration;
			buildSettings = {
				BUNDLE_LOADER = "$(TEST_HOST)";
				CODE_SIGN_STYLE = Automatic;
				CURRENT_PROJECT_VERSION = 1;
				DEVELOPMENT_TEAM = 3645L83AKB;
				GENERATE_INFOPLIST_FILE = YES;
				IPHONEOS_DEPLOYMENT_TARGET = 18.5;
				MARKETING_VERSION = 1.0;
				PRODUCT_BUNDLE_IDENTIFIER = cloud.notrai.SumTests;
				PRODUCT_NAME = "$(TARGET_NAME)";
				SWIFT_EMIT_LOC_STRINGS = NO;
				SWIFT_VERSION = 5.0;
				TARGETED_DEVICE_FAMILY = "1,2";
				TEST_HOST = "$(BUILT_PRODUCTS_DIR)/Sum.app/$(BUNDLE_EXECUTABLE_FOLDER_PATH)/Sum";
			};
			name = Debug;
		};
		09B1DB652E3D87FD005DEB6C /* Release */ = {
			isa = XCBuildConfiguration;
			buildSettings = {
				BUNDLE_LOADER = "$(TEST_HOST)";
				CODE_SIGN_STYLE = Automatic;
				CURRENT_PROJECT_VERSION = 1;
				DEVELOPMENT_TEAM = 3645L83AKB;
				GENERATE_INFOPLIST_FILE = YES;
				IPHONEOS_DEPLOYMENT_TARGET = 18.5;
				MARKETING_VERSION = 1.0;
				PRODUCT_BUNDLE_IDENTIFIER = cloud.notrai.SumTests;
				PRODUCT_NAME = "$(TARGET_NAME)";
				SWIFT_EMIT_LOC_STRINGS = NO;
				SWIFT_VERSION = 5.0;
				TARGETED_DEVICE_FAMILY = "1,2";
				TEST_HOST = "$(BUILT_PRODUCTS_DIR)/Sum.app/$(BUNDLE_EXECUTABLE_FOLDER_PATH)/Sum";
			};
			name = Release;
		};
		09B1DB672E3D87FD005DEB6C /* Debug */ = {
			isa = XCBuildConfiguration;
			buildSettings = {
				CODE_SIGN_STYLE = Automatic;
				CURRENT_PROJECT_VERSION = 1;
				DEVELOPMENT_TEAM = 3645L83AKB;
				GENERATE_INFOPLIST_FILE = YES;
				MARKETING_VERSION = 1.0;
				PRODUCT_BUNDLE_IDENTIFIER = cloud.notrai.SumUITests;
				PRODUCT_NAME = "$(TARGET_NAME)";
				SWIFT_EMIT_LOC_STRINGS = NO;
				SWIFT_VERSION = 5.0;
				TARGETED_DEVICE_FAMILY = "1,2";
				TEST_TARGET_NAME = Sum;
			};
			name = Debug;
		};
		09B1DB682E3D87FD005DEB6C /* Release */ = {
			isa = XCBuildConfiguration;
			buildSettings = {
				CODE_SIGN_STYLE = Automatic;
				CURRENT_PROJECT_VERSION = 1;
				DEVELOPMENT_TEAM = 3645L83AKB;
				GENERATE_INFOPLIST_FILE = YES;
				MARKETING_VERSION = 1.0;
				PRODUCT_BUNDLE_IDENTIFIER = cloud.notrai.SumUITests;
				PRODUCT_NAME = "$(TARGET_NAME)";
				SWIFT_EMIT_LOC_STRINGS = NO;
				SWIFT_VERSION = 5.0;
				TARGETED_DEVICE_FAMILY = "1,2";
				TEST_TARGET_NAME = Sum;
			};
			name = Release;
		};
/* End XCBuildConfiguration section */

/* Begin XCConfigurationList section */
		09B1DB352E3D87FB005DEB6C /* Build configuration list for PBXProject "Sum" */ = {
			isa = XCConfigurationList;
			buildConfigurations = (
				09B1DB612E3D87FD005DEB6C /* Debug */,
				09B1DB622E3D87FD005DEB6C /* Release */,
			);
			defaultConfigurationIsVisible = 0;
			defaultConfigurationName = Release;
		};
		09B1DB5E2E3D87FD005DEB6C /* Build configuration list for PBXNativeTarget "Sum" */ = {
			isa = XCConfigurationList;
			buildConfigurations = (
				09B1DB5F2E3D87FD005DEB6C /* Debug */,
				09B1DB602E3D87FD005DEB6C /* Release */,
			);
			defaultConfigurationIsVisible = 0;
			defaultConfigurationName = Release;
		};
		09B1DB632E3D87FD005DEB6C /* Build configuration list for PBXNativeTarget "SumTests" */ = {
			isa = XCConfigurationList;
			buildConfigurations = (
				09B1DB642E3D87FD005DEB6C /* Debug */,
				09B1DB652E3D87FD005DEB6C /* Release */,
			);
			defaultConfigurationIsVisible = 0;
			defaultConfigurationName = Release;
		};
		09B1DB662E3D87FD005DEB6C /* Build configuration list for PBXNativeTarget "SumUITests" */ = {
			isa = XCConfigurationList;
			buildConfigurations = (
				09B1DB672E3D87FD005DEB6C /* Debug */,
				09B1DB682E3D87FD005DEB6C /* Release */,
			);
			defaultConfigurationIsVisible = 0;
			defaultConfigurationName = Release;
		};
/* End XCConfigurationList section */
	};
	rootObject = 09B1DB322E3D87FB005DEB6C /* Project object */;
}
